
Microsoft Visual Studio Solution File, Format Version 12.00
# Visual Studio 15
VisualStudioVersion = 15.0.26124.0
MinimumVisualStudioVersion = 15.0.26124.0
Project("{FAE04EC0-301F-11D3-BF4B-00C04F79EFBC}") = "RVTR.Account.Context", "RVTR.Account.Context\RVTR.Account.Context.csproj", "{A0B1A642-B370-4EFD-9BC4-CFB7C4599D67}"
EndProject
Project("{FAE04EC0-301F-11D3-BF4B-00C04F79EFBC}") = "RVTR.Account.Domain", "RVTR.Account.Domain\RVTR.Account.Domain.csproj", "{857623B6-6544-4210-9AE0-933F619DD4C7}"
EndProject
Project("{FAE04EC0-301F-11D3-BF4B-00C04F79EFBC}") = "RVTR.Account.Service", "RVTR.Account.Service\RVTR.Account.Service.csproj", "{ACB8E2B5-833E-4C81-AC98-188FF326ABF5}"
EndProject
Project("{FAE04EC0-301F-11D3-BF4B-00C04F79EFBC}") = "RVTR.Account.Testing", "RVTR.Account.Testing\RVTR.Account.Testing.csproj", "{2158D7E2-7BFF-445F-B4B6-7D048BD56C06}"
EndProject
Global
	GlobalSection(SolutionConfigurationPlatforms) = preSolution
		Debug|Any CPU = Debug|Any CPU
		Debug|x64 = Debug|x64
		Debug|x86 = Debug|x86
		Release|Any CPU = Release|Any CPU
		Release|x64 = Release|x64
		Release|x86 = Release|x86
	EndGlobalSection
	GlobalSection(SolutionProperties) = preSolution
		HideSolutionNode = FALSE
	EndGlobalSection
	GlobalSection(ProjectConfigurationPlatforms) = postSolution
		{A0B1A642-B370-4EFD-9BC4-CFB7C4599D67}.Debug|Any CPU.ActiveCfg = Debug|Any CPU
		{A0B1A642-B370-4EFD-9BC4-CFB7C4599D67}.Debug|Any CPU.Build.0 = Debug|Any CPU
		{A0B1A642-B370-4EFD-9BC4-CFB7C4599D67}.Debug|x64.ActiveCfg = Debug|Any CPU
		{A0B1A642-B370-4EFD-9BC4-CFB7C4599D67}.Debug|x64.Build.0 = Debug|Any CPU
		{A0B1A642-B370-4EFD-9BC4-CFB7C4599D67}.Debug|x86.ActiveCfg = Debug|Any CPU
		{A0B1A642-B370-4EFD-9BC4-CFB7C4599D67}.Debug|x86.Build.0 = Debug|Any CPU
		{A0B1A642-B370-4EFD-9BC4-CFB7C4599D67}.Release|Any CPU.ActiveCfg = Release|Any CPU
		{A0B1A642-B370-4EFD-9BC4-CFB7C4599D67}.Release|Any CPU.Build.0 = Release|Any CPU
		{A0B1A642-B370-4EFD-9BC4-CFB7C4599D67}.Release|x64.ActiveCfg = Release|Any CPU
		{A0B1A642-B370-4EFD-9BC4-CFB7C4599D67}.Release|x64.Build.0 = Release|Any CPU
		{A0B1A642-B370-4EFD-9BC4-CFB7C4599D67}.Release|x86.ActiveCfg = Release|Any CPU
		{A0B1A642-B370-4EFD-9BC4-CFB7C4599D67}.Release|x86.Build.0 = Release|Any CPU
		{857623B6-6544-4210-9AE0-933F619DD4C7}.Debug|Any CPU.ActiveCfg = Debug|Any CPU
		{857623B6-6544-4210-9AE0-933F619DD4C7}.Debug|Any CPU.Build.0 = Debug|Any CPU
		{857623B6-6544-4210-9AE0-933F619DD4C7}.Debug|x64.ActiveCfg = Debug|Any CPU
		{857623B6-6544-4210-9AE0-933F619DD4C7}.Debug|x64.Build.0 = Debug|Any CPU
		{857623B6-6544-4210-9AE0-933F619DD4C7}.Debug|x86.ActiveCfg = Debug|Any CPU
		{857623B6-6544-4210-9AE0-933F619DD4C7}.Debug|x86.Build.0 = Debug|Any CPU
		{857623B6-6544-4210-9AE0-933F619DD4C7}.Release|Any CPU.ActiveCfg = Release|Any CPU
		{857623B6-6544-4210-9AE0-933F619DD4C7}.Release|Any CPU.Build.0 = Release|Any CPU
		{857623B6-6544-4210-9AE0-933F619DD4C7}.Release|x64.ActiveCfg = Release|Any CPU
		{857623B6-6544-4210-9AE0-933F619DD4C7}.Release|x64.Build.0 = Release|Any CPU
		{857623B6-6544-4210-9AE0-933F619DD4C7}.Release|x86.ActiveCfg = Release|Any CPU
		{857623B6-6544-4210-9AE0-933F619DD4C7}.Release|x86.Build.0 = Release|Any CPU
		{ACB8E2B5-833E-4C81-AC98-188FF326ABF5}.Debug|Any CPU.ActiveCfg = Debug|Any CPU
		{ACB8E2B5-833E-4C81-AC98-188FF326ABF5}.Debug|Any CPU.Build.0 = Debug|Any CPU
		{ACB8E2B5-833E-4C81-AC98-188FF326ABF5}.Debug|x64.ActiveCfg = Debug|Any CPU
		{ACB8E2B5-833E-4C81-AC98-188FF326ABF5}.Debug|x64.Build.0 = Debug|Any CPU
		{ACB8E2B5-833E-4C81-AC98-188FF326ABF5}.Debug|x86.ActiveCfg = Debug|Any CPU
		{ACB8E2B5-833E-4C81-AC98-188FF326ABF5}.Debug|x86.Build.0 = Debug|Any CPU
		{ACB8E2B5-833E-4C81-AC98-188FF326ABF5}.Release|Any CPU.ActiveCfg = Release|Any CPU
		{ACB8E2B5-833E-4C81-AC98-188FF326ABF5}.Release|Any CPU.Build.0 = Release|Any CPU
		{ACB8E2B5-833E-4C81-AC98-188FF326ABF5}.Release|x64.ActiveCfg = Release|Any CPU
		{ACB8E2B5-833E-4C81-AC98-188FF326ABF5}.Release|x64.Build.0 = Release|Any CPU
		{ACB8E2B5-833E-4C81-AC98-188FF326ABF5}.Release|x86.ActiveCfg = Release|Any CPU
		{ACB8E2B5-833E-4C81-AC98-188FF326ABF5}.Release|x86.Build.0 = Release|Any CPU
		{2158D7E2-7BFF-445F-B4B6-7D048BD56C06}.Debug|Any CPU.ActiveCfg = Debug|Any CPU
		{2158D7E2-7BFF-445F-B4B6-7D048BD56C06}.Debug|Any CPU.Build.0 = Debug|Any CPU
		{2158D7E2-7BFF-445F-B4B6-7D048BD56C06}.Debug|x64.ActiveCfg = Debug|Any CPU
		{2158D7E2-7BFF-445F-B4B6-7D048BD56C06}.Debug|x64.Build.0 = Debug|Any CPU
		{2158D7E2-7BFF-445F-B4B6-7D048BD56C06}.Debug|x86.ActiveCfg = Debug|Any CPU
		{2158D7E2-7BFF-445F-B4B6-7D048BD56C06}.Debug|x86.Build.0 = Debug|Any CPU
		{2158D7E2-7BFF-445F-B4B6-7D048BD56C06}.Release|Any CPU.ActiveCfg = Release|Any CPU
		{2158D7E2-7BFF-445F-B4B6-7D048BD56C06}.Release|Any CPU.Build.0 = Release|Any CPU
		{2158D7E2-7BFF-445F-B4B6-7D048BD56C06}.Release|x64.ActiveCfg = Release|Any CPU
		{2158D7E2-7BFF-445F-B4B6-7D048BD56C06}.Release|x64.Build.0 = Release|Any CPU
		{2158D7E2-7BFF-445F-B4B6-7D048BD56C06}.Release|x86.ActiveCfg = Release|Any CPU
		{2158D7E2-7BFF-445F-B4B6-7D048BD56C06}.Release|x86.Build.0 = Release|Any CPU
	EndGlobalSection
EndGlobal
